
Microsoft Visual Studio Solution File, Format Version 12.00
# Visual Studio 14
VisualStudioVersion = 14.0.25123.0
MinimumVisualStudioVersion = 10.0.40219.1
Project("{FAE04EC0-301F-11D3-BF4B-00C04F79EFBC}") = "DemoXaml", "DemoXaml\DemoXaml.csproj", "{CA153830-25CD-4267-946C-F106F5069718}"
EndProject
Project("{FAE04EC0-301F-11D3-BF4B-00C04F79EFBC}") = "Models", "Models\Models.csproj", "{C6E6736B-2B8B-4755-BF79-AE78D2827294}"
EndProject
Global
	GlobalSection(SolutionConfigurationPlatforms) = preSolution
		Debug|Any CPU = Debug|Any CPU
		Release|Any CPU = Release|Any CPU
	EndGlobalSection
	GlobalSection(ProjectConfigurationPlatforms) = postSolution
		{CA153830-25CD-4267-946C-F106F5069718}.Debug|Any CPU.ActiveCfg = Debug|Any CPU
		{CA153830-25CD-4267-946C-F106F5069718}.Debug|Any CPU.Build.0 = Debug|Any CPU
		{CA153830-25CD-4267-946C-F106F5069718}.Release|Any CPU.ActiveCfg = Release|Any CPU
		{CA153830-25CD-4267-946C-F106F5069718}.Release|Any CPU.Build.0 = Release|Any CPU
		{C6E6736B-2B8B-4755-BF79-AE78D2827294}.Debug|Any CPU.ActiveCfg = Debug|Any CPU
		{C6E6736B-2B8B-4755-BF79-AE78D2827294}.Debug|Any CPU.Build.0 = Debug|Any CPU
		{C6E6736B-2B8B-4755-BF79-AE78D2827294}.Release|Any CPU.ActiveCfg = Release|Any CPU
		{C6E6736B-2B8B-4755-BF79-AE78D2827294}.Release|Any CPU.Build.0 = Release|Any CPU
	EndGlobalSection
	GlobalSection(SolutionProperties) = preSolution
		HideSolutionNode = FALSE
	EndGlobalSection
EndGlobal
